
Microsoft Visual Studio Solution File, Format Version 12.00
# Visual Studio 15
Project("{FAE04EC0-301F-11D3-BF4B-00C04F79EFBC}") = "Assembly-CSharp", "Assembly-CSharp.csproj", "{6F50F62D-8230-936C-10D1-9B3ADD0A1404}"
EndProject
Project("{FAE04EC0-301F-11D3-BF4B-00C04F79EFBC}") = "Assembly-CSharp-Editor", "Assembly-CSharp-Editor.csproj", "{09176785-4C56-0811-CD05-BA4F64B1A484}"
EndProject
Global
	GlobalSection(SolutionConfigurationPlatforms) = preSolution
		Debug|Any CPU = Debug|Any CPU
		Release|Any CPU = Release|Any CPU
	EndGlobalSection
	GlobalSection(ProjectConfigurationPlatforms) = postSolution
		{6F50F62D-8230-936C-10D1-9B3ADD0A1404}.Debug|Any CPU.ActiveCfg = Debug|Any CPU
		{6F50F62D-8230-936C-10D1-9B3ADD0A1404}.Debug|Any CPU.Build.0 = Debug|Any CPU
		{6F50F62D-8230-936C-10D1-9B3ADD0A1404}.Release|Any CPU.ActiveCfg = Release|Any CPU
		{6F50F62D-8230-936C-10D1-9B3ADD0A1404}.Release|Any CPU.Build.0 = Release|Any CPU
		{09176785-4C56-0811-CD05-BA4F64B1A484}.Debug|Any CPU.ActiveCfg = Debug|Any CPU
		{09176785-4C56-0811-CD05-BA4F64B1A484}.Debug|Any CPU.Build.0 = Debug|Any CPU
		{09176785-4C56-0811-CD05-BA4F64B1A484}.Release|Any CPU.ActiveCfg = Release|Any CPU
		{09176785-4C56-0811-CD05-BA4F64B1A484}.Release|Any CPU.Build.0 = Release|Any CPU
	EndGlobalSection
	GlobalSection(SolutionProperties) = preSolution
		HideSolutionNode = FALSE
	EndGlobalSection
EndGlobal
